
Microsoft Visual Studio Solution File, Format Version 12.00
# Visual Studio Version 16
VisualStudioVersion = 16.0.28803.202
MinimumVisualStudioVersion = 10.0.40219.1
Project("{FAE04EC0-301F-11D3-BF4B-00C04F79EFBC}") = "ButtonDelegate", "ButtonDelegate\ButtonDelegate.csproj", "{D074F3D1-EF89-4F1E-90DE-926FD9B63B54}"
EndProject
Global
	GlobalSection(SolutionConfigurationPlatforms) = preSolution
		Debug|Any CPU = Debug|Any CPU
		Release|Any CPU = Release|Any CPU
	EndGlobalSection
	GlobalSection(ProjectConfigurationPlatforms) = postSolution
		{D074F3D1-EF89-4F1E-90DE-926FD9B63B54}.Debug|Any CPU.ActiveCfg = Debug|Any CPU
		{D074F3D1-EF89-4F1E-90DE-926FD9B63B54}.Debug|Any CPU.Build.0 = Debug|Any CPU
		{D074F3D1-EF89-4F1E-90DE-926FD9B63B54}.Release|Any CPU.ActiveCfg = Release|Any CPU
		{D074F3D1-EF89-4F1E-90DE-926FD9B63B54}.Release|Any CPU.Build.0 = Release|Any CPU
	EndGlobalSection
	GlobalSection(SolutionProperties) = preSolution
		HideSolutionNode = FALSE
	EndGlobalSection
	GlobalSection(ExtensibilityGlobals) = postSolution
		SolutionGuid = {7B71EB28-F7C8-4E3F-8CA3-E9B0D420826C}
	EndGlobalSection
EndGlobal
